<?xml version="1.0" encoding="utf-8"?>
<Project ToolsVersion="17.0" xmlns="http://schemas.microsoft.com/developer/msbuild/2003">
  <ItemGroup>
    <ClCompile Include="C:\Users\lukeh\Desktop\FishEngine\Fish\code\src\CMakeFiles\engine.dir\cmake_pch.cxx">
      <Filter>Source Files</Filter>
    </ClCompile>
    <ClCompile Include="C:\Users\lukeh\Desktop\FishEngine\Fish\src\main.cpp">
      <Filter>Source Files</Filter>
    </ClCompile>
    <ClCompile Include="C:\Users\lukeh\Desktop\FishEngine\Fish\src\vk_initializers.cpp">
      <Filter>Source Files</Filter>
    </ClCompile>
    <ClCompile Include="C:\Users\lukeh\Desktop\FishEngine\Fish\src\vk_images.cpp">
      <Filter>Source Files</Filter>
    </ClCompile>
    <ClCompile Include="C:\Users\lukeh\Desktop\FishEngine\Fish\src\vk_descriptors.cpp">
      <Filter>Source Files</Filter>
    </ClCompile>
    <ClCompile Include="C:\Users\lukeh\Desktop\FishEngine\Fish\src\vk_pipelines.cpp">
      <Filter>Source Files</Filter>
    </ClCompile>
    <ClCompile Include="C:\Users\lukeh\Desktop\FishEngine\Fish\src\vk_engine.cpp">
      <Filter>Source Files</Filter>
    </ClCompile>
    <ClCompile Include="C:\Users\lukeh\Desktop\FishEngine\Fish\src\vk_loader.cpp">
      <Filter>Source Files</Filter>
    </ClCompile>
    <ClCompile Include="C:\Users\lukeh\Desktop\FishEngine\Fish\src\fish_camera.cpp">
      <Filter>Source Files</Filter>
    </ClCompile>
    <ClCompile Include="C:\Users\lukeh\Desktop\FishEngine\Fish\src\mesh.cpp">
      <Filter>Source Files</Filter>
    </ClCompile>
    <ClCompile Include="C:\Users\lukeh\Desktop\FishEngine\Fish\src\loader.cpp">
      <Filter>Source Files</Filter>
    </ClCompile>
    <ClCompile Include="C:\Users\lukeh\Desktop\FishEngine\Fish\src\fish_timer.cpp">
      <Filter>Source Files</Filter>
    </ClCompile>
    <ClCompile Include="C:\Users\lukeh\Desktop\FishEngine\Fish\src\fish_resource_manager.cpp">
      <Filter>Source Files</Filter>
    </ClCompile>
    <ClCompile Include="C:\Users\lukeh\Desktop\FishEngine\Fish\src\fish_resource.cpp">
      <Filter>Source Files</Filter>
    </ClCompile>
    <ClCompile Include="C:\Users\lukeh\Desktop\FishEngine\Fish\src\fish_scene.cpp">
      <Filter>Source Files</Filter>
    </ClCompile>
  </ItemGroup>
  <ItemGroup>
    <ClInclude Include="C:\Users\lukeh\Desktop\FishEngine\Fish\src\vk_types.h">
      <Filter>Header Files</Filter>
    </ClInclude>
    <ClInclude Include="C:\Users\lukeh\Desktop\FishEngine\Fish\src\vk_initializers.h">
      <Filter>Header Files</Filter>
    </ClInclude>
    <ClInclude Include="C:\Users\lukeh\Desktop\FishEngine\Fish\src\vk_images.h">
      <Filter>Header Files</Filter>
    </ClInclude>
    <ClInclude Include="C:\Users\lukeh\Desktop\FishEngine\Fish\src\vk_descriptors.h">
      <Filter>Header Files</Filter>
    </ClInclude>
    <ClInclude Include="C:\Users\lukeh\Desktop\FishEngine\Fish\src\vk_pipelines.h">
      <Filter>Header Files</Filter>
    </ClInclude>
    <ClInclude Include="C:\Users\lukeh\Desktop\FishEngine\Fish\src\vk_engine.h">
      <Filter>Header Files</Filter>
    </ClInclude>
    <ClInclude Include="C:\Users\lukeh\Desktop\FishEngine\Fish\src\vk_loader.h">
      <Filter>Header Files</Filter>
    </ClInclude>
    <ClInclude Include="C:\Users\lukeh\Desktop\FishEngine\Fish\src\fish_camera.h">
      <Filter>Header Files</Filter>
    </ClInclude>
    <ClInclude Include="C:\Users\lukeh\Desktop\FishEngine\Fish\src\mesh.h">
      <Filter>Header Files</Filter>
    </ClInclude>
    <ClInclude Include="C:\Users\lukeh\Desktop\FishEngine\Fish\src\loader.h">
      <Filter>Header Files</Filter>
    </ClInclude>
    <ClInclude Include="C:\Users\lukeh\Desktop\FishEngine\Fish\src\fish_timer.h">
      <Filter>Header Files</Filter>
    </ClInclude>
    <ClInclude Include="C:\Users\lukeh\Desktop\FishEngine\Fish\src\fish_resource_manager.h">
      <Filter>Header Files</Filter>
    </ClInclude>
    <ClInclude Include="C:\Users\lukeh\Desktop\FishEngine\Fish\src\fish_resource.h">
      <Filter>Header Files</Filter>
    </ClInclude>
    <ClInclude Include="C:\Users\lukeh\Desktop\FishEngine\Fish\src\fish_scene.h">
      <Filter>Header Files</Filter>
    </ClInclude>
    <ClInclude Include="C:\Users\lukeh\Desktop\FishEngine\Fish\src\fish_gpu_data.h">
      <Filter>Header Files</Filter>
    </ClInclude>
    <ClInclude Include="C:\Users\lukeh\Desktop\FishEngine\Fish\src\fish_pipeline.h">
      <Filter>Header Files</Filter>
    </ClInclude>
    <ClInclude Include="C:\Users\lukeh\Desktop\FishEngine\Fish\src\tiny_obj_loader.h">
      <Filter>Header Files</Filter>
    </ClInclude>
    <ClInclude Include="C:\Users\lukeh\Desktop\FishEngine\Fish\code\src\CMakeFiles\engine.dir\Debug\cmake_pch.hxx">
      <Filter>Precompile Header File</Filter>
    </ClInclude>
    <ClInclude Include="C:\Users\lukeh\Desktop\FishEngine\Fish\code\src\CMakeFiles\engine.dir\Release\cmake_pch.hxx">
      <Filter>Precompile Header File</Filter>
    </ClInclude>
    <ClInclude Include="C:\Users\lukeh\Desktop\FishEngine\Fish\code\src\CMakeFiles\engine.dir\MinSizeRel\cmake_pch.hxx">
      <Filter>Precompile Header File</Filter>
    </ClInclude>
    <ClInclude Include="C:\Users\lukeh\Desktop\FishEngine\Fish\code\src\CMakeFiles\engine.dir\RelWithDebInfo\cmake_pch.hxx">
      <Filter>Precompile Header File</Filter>
    </ClInclude>
    <ClInclude Include="..\..\src\fish_components.h">
      <Filter>Header Files</Filter>
    </ClInclude>
  </ItemGroup>
  <ItemGroup>
    <CustomBuild Include="C:\Users\lukeh\Desktop\FishEngine\Fish\src\CMakeLists.txt" />
  </ItemGroup>
  <ItemGroup>
    <Filter Include="Header Files">
      <UniqueIdentifier>{E5258809-3A0D-34D0-9D56-F91FE000BFDB}</UniqueIdentifier>
    </Filter>
    <Filter Include="Precompile Header File">
      <UniqueIdentifier>{932096E1-FF29-363C-9E68-2ADD03A1AC23}</UniqueIdentifier>
    </Filter>
    <Filter Include="Source Files">
      <UniqueIdentifier>{6F542E7A-1538-343C-95FE-11E5EA5CDC78}</UniqueIdentifier>
    </Filter>
  </ItemGroup>
</Project>