
Microsoft Visual Studio Solution File, Format Version 12.00
# Visual Studio Version 17
Project("{2150E333-8FDC-42A3-9474-1A3956D46DE8}") = "CMakePredefinedTargets", "CMakePredefinedTargets", "{D80DB72B-8629-38CE-9496-382962BFFD78}"
EndProject
Project("{8BC9CEB8-8B4A-11D0-8D11-00A0C91BC942}") = "ALL_BUILD", "ALL_BUILD.vcxproj", "{4DD3BD42-3134-3785-803D-81FB7F1098DE}"
	ProjectSection(ProjectDependencies) = postProject
		{880CEEA4-404D-36DF-886B-EFB59C06AD95} = {880CEEA4-404D-36DF-886B-EFB59C06AD95}
		{89B3900F-D066-3E0E-BB1B-219B993CE0F7} = {89B3900F-D066-3E0E-BB1B-219B993CE0F7}
		{2C126428-ADAB-396F-BB1A-CFD91D0116BE} = {2C126428-ADAB-396F-BB1A-CFD91D0116BE}
		{6A7BD0DA-68D7-3996-A276-B22ABBFBB0D3} = {6A7BD0DA-68D7-3996-A276-B22ABBFBB0D3}
		{9AA786E5-322B-384D-86B4-E7ADEE9F313C} = {9AA786E5-322B-384D-86B4-E7ADEE9F313C}
		{D482E9FD-A8AB-3E34-ACE1-4F07E2873737} = {D482E9FD-A8AB-3E34-ACE1-4F07E2873737}
	EndProjectSection
EndProject
Project("{8BC9CEB8-8B4A-11D0-8D11-00A0C91BC942}") = "INSTALL", "INSTALL.vcxproj", "{73E05F42-4206-3ABB-A2E3-9C86AFEB17E3}"
	ProjectSection(ProjectDependencies) = postProject
		{4DD3BD42-3134-3785-803D-81FB7F1098DE} = {4DD3BD42-3134-3785-803D-81FB7F1098DE}
		{880CEEA4-404D-36DF-886B-EFB59C06AD95} = {880CEEA4-404D-36DF-886B-EFB59C06AD95}
	EndProjectSection
EndProject
Project("{8BC9CEB8-8B4A-11D0-8D11-00A0C91BC942}") = "SDL2", "third_party\SDL\SDL2.vcxproj", "{6B4B00BD-8F49-32A9-9C22-CD5CF8FE61D7}"
	ProjectSection(ProjectDependencies) = postProject
		{880CEEA4-404D-36DF-886B-EFB59C06AD95} = {880CEEA4-404D-36DF-886B-EFB59C06AD95}
		{28CCCF33-F9C5-3C5B-A53E-D1ED29B21DD7} = {28CCCF33-F9C5-3C5B-A53E-D1ED29B21DD7}
	EndProjectSection
EndProject
Project("{8BC9CEB8-8B4A-11D0-8D11-00A0C91BC942}") = "Shaders", "Shaders.vcxproj", "{EF1D6260-1843-3C32-9E0F-10B58A0F64FE}"
	ProjectSection(ProjectDependencies) = postProject
		{880CEEA4-404D-36DF-886B-EFB59C06AD95} = {880CEEA4-404D-36DF-886B-EFB59C06AD95}
	EndProjectSection
EndProject
Project("{8BC9CEB8-8B4A-11D0-8D11-00A0C91BC942}") = "ZERO_CHECK", "ZERO_CHECK.vcxproj", "{880CEEA4-404D-36DF-886B-EFB59C06AD95}"
	ProjectSection(ProjectDependencies) = postProject
	EndProjectSection
EndProject
Project("{8BC9CEB8-8B4A-11D0-8D11-00A0C91BC942}") = "engine", "src\engine.vcxproj", "{89B3900F-D066-3E0E-BB1B-219B993CE0F7}"
	ProjectSection(ProjectDependencies) = postProject
		{6B4B00BD-8F49-32A9-9C22-CD5CF8FE61D7} = {6B4B00BD-8F49-32A9-9C22-CD5CF8FE61D7}
		{880CEEA4-404D-36DF-886B-EFB59C06AD95} = {880CEEA4-404D-36DF-886B-EFB59C06AD95}
		{2C126428-ADAB-396F-BB1A-CFD91D0116BE} = {2C126428-ADAB-396F-BB1A-CFD91D0116BE}
		{6A7BD0DA-68D7-3996-A276-B22ABBFBB0D3} = {6A7BD0DA-68D7-3996-A276-B22ABBFBB0D3}
		{781647D9-D0A6-33D3-991D-349069151F5D} = {781647D9-D0A6-33D3-991D-349069151F5D}
		{9AA786E5-322B-384D-86B4-E7ADEE9F313C} = {9AA786E5-322B-384D-86B4-E7ADEE9F313C}
		{D482E9FD-A8AB-3E34-ACE1-4F07E2873737} = {D482E9FD-A8AB-3E34-ACE1-4F07E2873737}
	EndProjectSection
EndProject
Project("{8BC9CEB8-8B4A-11D0-8D11-00A0C91BC942}") = "fastgltf", "third_party\fastgltf\fastgltf.vcxproj", "{2C126428-ADAB-396F-BB1A-CFD91D0116BE}"
	ProjectSection(ProjectDependencies) = postProject
		{880CEEA4-404D-36DF-886B-EFB59C06AD95} = {880CEEA4-404D-36DF-886B-EFB59C06AD95}
		{6A7BD0DA-68D7-3996-A276-B22ABBFBB0D3} = {6A7BD0DA-68D7-3996-A276-B22ABBFBB0D3}
	EndProjectSection
EndProject
Project("{8BC9CEB8-8B4A-11D0-8D11-00A0C91BC942}") = "fastgltf_simdjson", "third_party\fastgltf\fastgltf_simdjson.vcxproj", "{6A7BD0DA-68D7-3996-A276-B22ABBFBB0D3}"
	ProjectSection(ProjectDependencies) = postProject
		{880CEEA4-404D-36DF-886B-EFB59C06AD95} = {880CEEA4-404D-36DF-886B-EFB59C06AD95}
	EndProjectSection
EndProject
Project("{8BC9CEB8-8B4A-11D0-8D11-00A0C91BC942}") = "fmt", "third_party\fmt\fmt.vcxproj", "{781647D9-D0A6-33D3-991D-349069151F5D}"
	ProjectSection(ProjectDependencies) = postProject
		{880CEEA4-404D-36DF-886B-EFB59C06AD95} = {880CEEA4-404D-36DF-886B-EFB59C06AD95}
	EndProjectSection
EndProject
Project("{8BC9CEB8-8B4A-11D0-8D11-00A0C91BC942}") = "imgui", "third_party\imgui.vcxproj", "{9AA786E5-322B-384D-86B4-E7ADEE9F313C}"
	ProjectSection(ProjectDependencies) = postProject
		{6B4B00BD-8F49-32A9-9C22-CD5CF8FE61D7} = {6B4B00BD-8F49-32A9-9C22-CD5CF8FE61D7}
		{880CEEA4-404D-36DF-886B-EFB59C06AD95} = {880CEEA4-404D-36DF-886B-EFB59C06AD95}
	EndProjectSection
EndProject
Project("{8BC9CEB8-8B4A-11D0-8D11-00A0C91BC942}") = "sdl_headers_copy", "third_party\SDL\sdl_headers_copy.vcxproj", "{28CCCF33-F9C5-3C5B-A53E-D1ED29B21DD7}"
	ProjectSection(ProjectDependencies) = postProject
		{880CEEA4-404D-36DF-886B-EFB59C06AD95} = {880CEEA4-404D-36DF-886B-EFB59C06AD95}
	EndProjectSection
EndProject
Project("{8BC9CEB8-8B4A-11D0-8D11-00A0C91BC942}") = "vkbootstrap", "third_party\vkbootstrap.vcxproj", "{D482E9FD-A8AB-3E34-ACE1-4F07E2873737}"
	ProjectSection(ProjectDependencies) = postProject
		{880CEEA4-404D-36DF-886B-EFB59C06AD95} = {880CEEA4-404D-36DF-886B-EFB59C06AD95}
	EndProjectSection
EndProject
Global
	GlobalSection(SolutionConfigurationPlatforms) = preSolution
		Debug|x64 = Debug|x64
		Release|x64 = Release|x64
		MinSizeRel|x64 = MinSizeRel|x64
		RelWithDebInfo|x64 = RelWithDebInfo|x64
	EndGlobalSection
	GlobalSection(ProjectConfigurationPlatforms) = postSolution
		{4DD3BD42-3134-3785-803D-81FB7F1098DE}.Debug|x64.ActiveCfg = Debug|x64
		{4DD3BD42-3134-3785-803D-81FB7F1098DE}.Debug|x64.Build.0 = Debug|x64
		{4DD3BD42-3134-3785-803D-81FB7F1098DE}.Release|x64.ActiveCfg = Release|x64
		{4DD3BD42-3134-3785-803D-81FB7F1098DE}.Release|x64.Build.0 = Release|x64
		{4DD3BD42-3134-3785-803D-81FB7F1098DE}.MinSizeRel|x64.ActiveCfg = MinSizeRel|x64
		{4DD3BD42-3134-3785-803D-81FB7F1098DE}.MinSizeRel|x64.Build.0 = MinSizeRel|x64
		{4DD3BD42-3134-3785-803D-81FB7F1098DE}.RelWithDebInfo|x64.ActiveCfg = RelWithDebInfo|x64
		{4DD3BD42-3134-3785-803D-81FB7F1098DE}.RelWithDebInfo|x64.Build.0 = RelWithDebInfo|x64
		{73E05F42-4206-3ABB-A2E3-9C86AFEB17E3}.Debug|x64.ActiveCfg = Debug|x64
		{73E05F42-4206-3ABB-A2E3-9C86AFEB17E3}.Release|x64.ActiveCfg = Release|x64
		{73E05F42-4206-3ABB-A2E3-9C86AFEB17E3}.MinSizeRel|x64.ActiveCfg = MinSizeRel|x64
		{73E05F42-4206-3ABB-A2E3-9C86AFEB17E3}.RelWithDebInfo|x64.ActiveCfg = RelWithDebInfo|x64
		{6B4B00BD-8F49-32A9-9C22-CD5CF8FE61D7}.Debug|x64.ActiveCfg = Debug|x64
		{6B4B00BD-8F49-32A9-9C22-CD5CF8FE61D7}.Debug|x64.Build.0 = Debug|x64
		{6B4B00BD-8F49-32A9-9C22-CD5CF8FE61D7}.Release|x64.ActiveCfg = Release|x64
		{6B4B00BD-8F49-32A9-9C22-CD5CF8FE61D7}.Release|x64.Build.0 = Release|x64
		{6B4B00BD-8F49-32A9-9C22-CD5CF8FE61D7}.MinSizeRel|x64.ActiveCfg = MinSizeRel|x64
		{6B4B00BD-8F49-32A9-9C22-CD5CF8FE61D7}.MinSizeRel|x64.Build.0 = MinSizeRel|x64
		{6B4B00BD-8F49-32A9-9C22-CD5CF8FE61D7}.RelWithDebInfo|x64.ActiveCfg = RelWithDebInfo|x64
		{6B4B00BD-8F49-32A9-9C22-CD5CF8FE61D7}.RelWithDebInfo|x64.Build.0 = RelWithDebInfo|x64
		{EF1D6260-1843-3C32-9E0F-10B58A0F64FE}.Debug|x64.ActiveCfg = Debug|x64
		{EF1D6260-1843-3C32-9E0F-10B58A0F64FE}.Release|x64.ActiveCfg = Release|x64
		{EF1D6260-1843-3C32-9E0F-10B58A0F64FE}.MinSizeRel|x64.ActiveCfg = MinSizeRel|x64
		{EF1D6260-1843-3C32-9E0F-10B58A0F64FE}.RelWithDebInfo|x64.ActiveCfg = RelWithDebInfo|x64
		{880CEEA4-404D-36DF-886B-EFB59C06AD95}.Debug|x64.ActiveCfg = Debug|x64
		{880CEEA4-404D-36DF-886B-EFB59C06AD95}.Debug|x64.Build.0 = Debug|x64
		{880CEEA4-404D-36DF-886B-EFB59C06AD95}.Release|x64.ActiveCfg = Release|x64
		{880CEEA4-404D-36DF-886B-EFB59C06AD95}.Release|x64.Build.0 = Release|x64
		{880CEEA4-404D-36DF-886B-EFB59C06AD95}.MinSizeRel|x64.ActiveCfg = MinSizeRel|x64
		{880CEEA4-404D-36DF-886B-EFB59C06AD95}.MinSizeRel|x64.Build.0 = MinSizeRel|x64
		{880CEEA4-404D-36DF-886B-EFB59C06AD95}.RelWithDebInfo|x64.ActiveCfg = RelWithDebInfo|x64
		{880CEEA4-404D-36DF-886B-EFB59C06AD95}.RelWithDebInfo|x64.Build.0 = RelWithDebInfo|x64
		{89B3900F-D066-3E0E-BB1B-219B993CE0F7}.Debug|x64.ActiveCfg = Debug|x64
		{89B3900F-D066-3E0E-BB1B-219B993CE0F7}.Debug|x64.Build.0 = Debug|x64
		{89B3900F-D066-3E0E-BB1B-219B993CE0F7}.Release|x64.ActiveCfg = Release|x64
		{89B3900F-D066-3E0E-BB1B-219B993CE0F7}.Release|x64.Build.0 = Release|x64
		{89B3900F-D066-3E0E-BB1B-219B993CE0F7}.MinSizeRel|x64.ActiveCfg = MinSizeRel|x64
		{89B3900F-D066-3E0E-BB1B-219B993CE0F7}.MinSizeRel|x64.Build.0 = MinSizeRel|x64
		{89B3900F-D066-3E0E-BB1B-219B993CE0F7}.RelWithDebInfo|x64.ActiveCfg = RelWithDebInfo|x64
		{89B3900F-D066-3E0E-BB1B-219B993CE0F7}.RelWithDebInfo|x64.Build.0 = RelWithDebInfo|x64
		{2C126428-ADAB-396F-BB1A-CFD91D0116BE}.Debug|x64.ActiveCfg = Debug|x64
		{2C126428-ADAB-396F-BB1A-CFD91D0116BE}.Debug|x64.Build.0 = Debug|x64
		{2C126428-ADAB-396F-BB1A-CFD91D0116BE}.Release|x64.ActiveCfg = Release|x64
		{2C126428-ADAB-396F-BB1A-CFD91D0116BE}.Release|x64.Build.0 = Release|x64
		{2C126428-ADAB-396F-BB1A-CFD91D0116BE}.MinSizeRel|x64.ActiveCfg = MinSizeRel|x64
		{2C126428-ADAB-396F-BB1A-CFD91D0116BE}.MinSizeRel|x64.Build.0 = MinSizeRel|x64
		{2C126428-ADAB-396F-BB1A-CFD91D0116BE}.RelWithDebInfo|x64.ActiveCfg = RelWithDebInfo|x64
		{2C126428-ADAB-396F-BB1A-CFD91D0116BE}.RelWithDebInfo|x64.Build.0 = RelWithDebInfo|x64
		{6A7BD0DA-68D7-3996-A276-B22ABBFBB0D3}.Debug|x64.ActiveCfg = Debug|x64
		{6A7BD0DA-68D7-3996-A276-B22ABBFBB0D3}.Debug|x64.Build.0 = Debug|x64
		{6A7BD0DA-68D7-3996-A276-B22ABBFBB0D3}.Release|x64.ActiveCfg = Release|x64
		{6A7BD0DA-68D7-3996-A276-B22ABBFBB0D3}.Release|x64.Build.0 = Release|x64
		{6A7BD0DA-68D7-3996-A276-B22ABBFBB0D3}.MinSizeRel|x64.ActiveCfg = MinSizeRel|x64
		{6A7BD0DA-68D7-3996-A276-B22ABBFBB0D3}.MinSizeRel|x64.Build.0 = MinSizeRel|x64
		{6A7BD0DA-68D7-3996-A276-B22ABBFBB0D3}.RelWithDebInfo|x64.ActiveCfg = RelWithDebInfo|x64
		{6A7BD0DA-68D7-3996-A276-B22ABBFBB0D3}.RelWithDebInfo|x64.Build.0 = RelWithDebInfo|x64
		{781647D9-D0A6-33D3-991D-349069151F5D}.Debug|x64.ActiveCfg = Debug|x64
		{781647D9-D0A6-33D3-991D-349069151F5D}.Debug|x64.Build.0 = Debug|x64
		{781647D9-D0A6-33D3-991D-349069151F5D}.Release|x64.ActiveCfg = Release|x64
		{781647D9-D0A6-33D3-991D-349069151F5D}.Release|x64.Build.0 = Release|x64
		{781647D9-D0A6-33D3-991D-349069151F5D}.MinSizeRel|x64.ActiveCfg = MinSizeRel|x64
		{781647D9-D0A6-33D3-991D-349069151F5D}.MinSizeRel|x64.Build.0 = MinSizeRel|x64
		{781647D9-D0A6-33D3-991D-349069151F5D}.RelWithDebInfo|x64.ActiveCfg = RelWithDebInfo|x64
		{781647D9-D0A6-33D3-991D-349069151F5D}.RelWithDebInfo|x64.Build.0 = RelWithDebInfo|x64
		{9AA786E5-322B-384D-86B4-E7ADEE9F313C}.Debug|x64.ActiveCfg = Debug|x64
		{9AA786E5-322B-384D-86B4-E7ADEE9F313C}.Debug|x64.Build.0 = Debug|x64
		{9AA786E5-322B-384D-86B4-E7ADEE9F313C}.Release|x64.ActiveCfg = Release|x64
		{9AA786E5-322B-384D-86B4-E7ADEE9F313C}.Release|x64.Build.0 = Release|x64
		{9AA786E5-322B-384D-86B4-E7ADEE9F313C}.MinSizeRel|x64.ActiveCfg = MinSizeRel|x64
		{9AA786E5-322B-384D-86B4-E7ADEE9F313C}.MinSizeRel|x64.Build.0 = MinSizeRel|x64
		{9AA786E5-322B-384D-86B4-E7ADEE9F313C}.RelWithDebInfo|x64.ActiveCfg = RelWithDebInfo|x64
		{9AA786E5-322B-384D-86B4-E7ADEE9F313C}.RelWithDebInfo|x64.Build.0 = RelWithDebInfo|x64
		{28CCCF33-F9C5-3C5B-A53E-D1ED29B21DD7}.Debug|x64.ActiveCfg = Debug|x64
		{28CCCF33-F9C5-3C5B-A53E-D1ED29B21DD7}.Debug|x64.Build.0 = Debug|x64
		{28CCCF33-F9C5-3C5B-A53E-D1ED29B21DD7}.Release|x64.ActiveCfg = Release|x64
		{28CCCF33-F9C5-3C5B-A53E-D1ED29B21DD7}.Release|x64.Build.0 = Release|x64
		{28CCCF33-F9C5-3C5B-A53E-D1ED29B21DD7}.MinSizeRel|x64.ActiveCfg = MinSizeRel|x64
		{28CCCF33-F9C5-3C5B-A53E-D1ED29B21DD7}.MinSizeRel|x64.Build.0 = MinSizeRel|x64
		{28CCCF33-F9C5-3C5B-A53E-D1ED29B21DD7}.RelWithDebInfo|x64.ActiveCfg = RelWithDebInfo|x64
		{28CCCF33-F9C5-3C5B-A53E-D1ED29B21DD7}.RelWithDebInfo|x64.Build.0 = RelWithDebInfo|x64
		{D482E9FD-A8AB-3E34-ACE1-4F07E2873737}.Debug|x64.ActiveCfg = Debug|x64
		{D482E9FD-A8AB-3E34-ACE1-4F07E2873737}.Debug|x64.Build.0 = Debug|x64
		{D482E9FD-A8AB-3E34-ACE1-4F07E2873737}.Release|x64.ActiveCfg = Release|x64
		{D482E9FD-A8AB-3E34-ACE1-4F07E2873737}.Release|x64.Build.0 = Release|x64
		{D482E9FD-A8AB-3E34-ACE1-4F07E2873737}.MinSizeRel|x64.ActiveCfg = MinSizeRel|x64
		{D482E9FD-A8AB-3E34-ACE1-4F07E2873737}.MinSizeRel|x64.Build.0 = MinSizeRel|x64
		{D482E9FD-A8AB-3E34-ACE1-4F07E2873737}.RelWithDebInfo|x64.ActiveCfg = RelWithDebInfo|x64
		{D482E9FD-A8AB-3E34-ACE1-4F07E2873737}.RelWithDebInfo|x64.Build.0 = RelWithDebInfo|x64
	EndGlobalSection
	GlobalSection(NestedProjects) = preSolution
		{4DD3BD42-3134-3785-803D-81FB7F1098DE} = {D80DB72B-8629-38CE-9496-382962BFFD78}
		{73E05F42-4206-3ABB-A2E3-9C86AFEB17E3} = {D80DB72B-8629-38CE-9496-382962BFFD78}
		{880CEEA4-404D-36DF-886B-EFB59C06AD95} = {D80DB72B-8629-38CE-9496-382962BFFD78}
	EndGlobalSection
	GlobalSection(ExtensibilityGlobals) = postSolution
		SolutionGuid = {F904C1A3-774D-389F-B797-72A1D12C15B4}
	EndGlobalSection
	GlobalSection(ExtensibilityAddIns) = postSolution
	EndGlobalSection
EndGlobal
